// !$*UTF8*$!
{
	archiveVersion = 1;
	classes = {
	};
	objectVersion = 56;
	objects = {

/* Begin PBXBuildFile section */
		4F9615EF2A5ABF3300F7CA4D /* SafariView.swift in Sources */ = {isa = PBXBuildFile; fileRef = 4F9615EE2A5ABF3300F7CA4D /* SafariView.swift */; };
		4F9615F12A5AE62D00F7CA4D /* FrameworkTitleView.swift in Sources */ = {isa = PBXBuildFile; fileRef = 4F9615F02A5AE62D00F7CA4D /* FrameworkTitleView.swift */; };
		4F9615F32A5AE68D00F7CA4D /* XDismissButton.swift in Sources */ = {isa = PBXBuildFile; fileRef = 4F9615F22A5AE68D00F7CA4D /* XDismissButton.swift */; };
		4FCD7A0D2A5995A7005A02CC /* AppleFrameworksApp.swift in Sources */ = {isa = PBXBuildFile; fileRef = 4FCD7A0C2A5995A7005A02CC /* AppleFrameworksApp.swift */; };
		4FCD7A112A5995A8005A02CC /* Assets.xcassets in Resources */ = {isa = PBXBuildFile; fileRef = 4FCD7A102A5995A8005A02CC /* Assets.xcassets */; };
		4FCD7A142A5995A8005A02CC /* Preview Assets.xcassets in Resources */ = {isa = PBXBuildFile; fileRef = 4FCD7A132A5995A8005A02CC /* Preview Assets.xcassets */; };
		4FCD7A1B2A5995DD005A02CC /* Framework.swift in Sources */ = {isa = PBXBuildFile; fileRef = 4FCD7A1A2A5995DD005A02CC /* Framework.swift */; };
		4FCD7A1D2A5997DE005A02CC /* FrameworkGridView.swift in Sources */ = {isa = PBXBuildFile; fileRef = 4FCD7A1C2A5997DE005A02CC /* FrameworkGridView.swift */; };
		4FCD7A1F2A59B15B005A02CC /* FrameworkDetailView.swift in Sources */ = {isa = PBXBuildFile; fileRef = 4FCD7A1E2A59B15B005A02CC /* FrameworkDetailView.swift */; };
		4FCD7A212A59B972005A02CC /* AFButton.swift in Sources */ = {isa = PBXBuildFile; fileRef = 4FCD7A202A59B972005A02CC /* AFButton.swift */; };
		4FCD7A232A59BCC8005A02CC /* FrameworkGridViewModel.swift in Sources */ = {isa = PBXBuildFile; fileRef = 4FCD7A222A59BCC8005A02CC /* FrameworkGridViewModel.swift */; };
/* End PBXBuildFile section */

/* Begin PBXFileReference section */
		4F9615EE2A5ABF3300F7CA4D /* SafariView.swift */ = {isa = PBXFileReference; lastKnownFileType = sourcecode.swift; path = SafariView.swift; sourceTree = "<group>"; };
		4F9615F02A5AE62D00F7CA4D /* FrameworkTitleView.swift */ = {isa = PBXFileReference; lastKnownFileType = sourcecode.swift; path = FrameworkTitleView.swift; sourceTree = "<group>"; };
		4F9615F22A5AE68D00F7CA4D /* XDismissButton.swift */ = {isa = PBXFileReference; lastKnownFileType = sourcecode.swift; path = XDismissButton.swift; sourceTree = "<group>"; };
		4FCD7A092A5995A7005A02CC /* AppleFrameworks.app */ = {isa = PBXFileReference; explicitFileType = wrapper.application; includeInIndex = 0; path = AppleFrameworks.app; sourceTree = BUILT_PRODUCTS_DIR; };
		4FCD7A0C2A5995A7005A02CC /* AppleFrameworksApp.swift */ = {isa = PBXFileReference; lastKnownFileType = sourcecode.swift; path = AppleFrameworksApp.swift; sourceTree = "<group>"; };
		4FCD7A102A5995A8005A02CC /* Assets.xcassets */ = {isa = PBXFileReference; lastKnownFileType = folder.assetcatalog; path = Assets.xcassets; sourceTree = "<group>"; };
		4FCD7A132A5995A8005A02CC /* Preview Assets.xcassets */ = {isa = PBXFileReference; lastKnownFileType = folder.assetcatalog; path = "Preview Assets.xcassets"; sourceTree = "<group>"; };
		4FCD7A1A2A5995DD005A02CC /* Framework.swift */ = {isa = PBXFileReference; lastKnownFileType = sourcecode.swift; path = Framework.swift; sourceTree = "<group>"; };
		4FCD7A1C2A5997DE005A02CC /* FrameworkGridView.swift */ = {isa = PBXFileReference; lastKnownFileType = sourcecode.swift; path = FrameworkGridView.swift; sourceTree = "<group>"; };
		4FCD7A1E2A59B15B005A02CC /* FrameworkDetailView.swift */ = {isa = PBXFileReference; lastKnownFileType = sourcecode.swift; path = FrameworkDetailView.swift; sourceTree = "<group>"; };
		4FCD7A202A59B972005A02CC /* AFButton.swift */ = {isa = PBXFileReference; lastKnownFileType = sourcecode.swift; path = AFButton.swift; sourceTree = "<group>"; };
		4FCD7A222A59BCC8005A02CC /* FrameworkGridViewModel.swift */ = {isa = PBXFileReference; lastKnownFileType = sourcecode.swift; path = FrameworkGridViewModel.swift; sourceTree = "<group>"; };
/* End PBXFileReference section */

/* Begin PBXFrameworksBuildPhase section */
		4FCD7A062A5995A7005A02CC /* Frameworks */ = {
			isa = PBXFrameworksBuildPhase;
			buildActionMask = 2147483647;
			files = (
			);
			runOnlyForDeploymentPostprocessing = 0;
		};
/* End PBXFrameworksBuildPhase section */

/* Begin PBXGroup section */
		4F9615F42A5AE75E00F7CA4D /* Screens */ = {
			isa = PBXGroup;
			children = (
				4F9615F52A5AE76C00F7CA4D /* FrameworkGridView */,
				4F9615F62A5AE78E00F7CA4D /* FrameworkDetailView */,
			);
			path = Screens;
			sourceTree = "<group>";
		};
		4F9615F52A5AE76C00F7CA4D /* FrameworkGridView */ = {
			isa = PBXGroup;
			children = (
				4FCD7A1C2A5997DE005A02CC /* FrameworkGridView.swift */,
				4FCD7A222A59BCC8005A02CC /* FrameworkGridViewModel.swift */,
			);
			path = FrameworkGridView;
			sourceTree = "<group>";
		};
		4F9615F62A5AE78E00F7CA4D /* FrameworkDetailView */ = {
			isa = PBXGroup;
			children = (
				4FCD7A1E2A59B15B005A02CC /* FrameworkDetailView.swift */,
			);
			path = FrameworkDetailView;
			sourceTree = "<group>";
		};
		4F9615F72A5AE7A900F7CA4D /* Model */ = {
			isa = PBXGroup;
			children = (
				4FCD7A1A2A5995DD005A02CC /* Framework.swift */,
			);
			path = Model;
			sourceTree = "<group>";
		};
		4F9615F82A5AE7C100F7CA4D /* Views */ = {
			isa = PBXGroup;
			children = (
				4F9615FA2A5AE7D900F7CA4D /* View */,
				4F9615F92A5AE7C800F7CA4D /* Buttons */,
			);
			path = Views;
			sourceTree = "<group>";
		};
		4F9615F92A5AE7C800F7CA4D /* Buttons */ = {
			isa = PBXGroup;
			children = (
				4FCD7A202A59B972005A02CC /* AFButton.swift */,
				4F9615F22A5AE68D00F7CA4D /* XDismissButton.swift */,
			);
			path = Buttons;
			sourceTree = "<group>";
		};
		4F9615FA2A5AE7D900F7CA4D /* View */ = {
			isa = PBXGroup;
			children = (
				4F9615F02A5AE62D00F7CA4D /* FrameworkTitleView.swift */,
			);
			path = View;
			sourceTree = "<group>";
		};
		4F9615FB2A5AE7EB00F7CA4D /* UIKitComponents */ = {
			isa = PBXGroup;
			children = (
				4F9615EE2A5ABF3300F7CA4D /* SafariView.swift */,
			);
			path = UIKitComponents;
			sourceTree = "<group>";
		};
		4FCD7A002A5995A7005A02CC = {
			isa = PBXGroup;
			children = (
				4FCD7A0B2A5995A7005A02CC /* AppleFrameworks */,
				4FCD7A0A2A5995A7005A02CC /* Products */,
			);
			sourceTree = "<group>";
		};
		4FCD7A0A2A5995A7005A02CC /* Products */ = {
			isa = PBXGroup;
			children = (
				4FCD7A092A5995A7005A02CC /* AppleFrameworks.app */,
			);
			name = Products;
			sourceTree = "<group>";
		};
		4FCD7A0B2A5995A7005A02CC /* AppleFrameworks */ = {
			isa = PBXGroup;
			children = (
				4F9615FB2A5AE7EB00F7CA4D /* UIKitComponents */,
				4F9615F82A5AE7C100F7CA4D /* Views */,
				4F9615F72A5AE7A900F7CA4D /* Model */,
				4F9615F42A5AE75E00F7CA4D /* Screens */,
				4FCD7A0C2A5995A7005A02CC /* AppleFrameworksApp.swift */,
				4FCD7A102A5995A8005A02CC /* Assets.xcassets */,
				4FCD7A122A5995A8005A02CC /* Preview Content */,
			);
			path = AppleFrameworks;
			sourceTree = "<group>";
		};
		4FCD7A122A5995A8005A02CC /* Preview Content */ = {
			isa = PBXGroup;
			children = (
				4FCD7A132A5995A8005A02CC /* Preview Assets.xcassets */,
			);
			path = "Preview Content";
			sourceTree = "<group>";
		};
/* End PBXGroup section */

/* Begin PBXNativeTarget section */
		4FCD7A082A5995A7005A02CC /* AppleFrameworks */ = {
			isa = PBXNativeTarget;
			buildConfigurationList = 4FCD7A172A5995A8005A02CC /* Build configuration list for PBXNativeTarget "AppleFrameworks" */;
			buildPhases = (
				4FCD7A052A5995A7005A02CC /* Sources */,
				4FCD7A062A5995A7005A02CC /* Frameworks */,
				4FCD7A072A5995A7005A02CC /* Resources */,
			);
			buildRules = (
			);
			dependencies = (
			);
			name = AppleFrameworks;
			productName = AppleFrameworks;
			productReference = 4FCD7A092A5995A7005A02CC /* AppleFrameworks.app */;
			productType = "com.apple.product-type.application";
		};
/* End PBXNativeTarget section */

/* Begin PBXProject section */
		4FCD7A012A5995A7005A02CC /* Project object */ = {
			isa = PBXProject;
			attributes = {
				BuildIndependentTargetsInParallel = 1;
				LastSwiftUpdateCheck = 1430;
				LastUpgradeCheck = 1430;
				TargetAttributes = {
					4FCD7A082A5995A7005A02CC = {
						CreatedOnToolsVersion = 14.3.1;
					};
				};
			};
			buildConfigurationList = 4FCD7A042A5995A7005A02CC /* Build configuration list for PBXProject "AppleFrameworks" */;
			compatibilityVersion = "Xcode 14.0";
			developmentRegion = en;
			hasScannedForEncodings = 0;
			knownRegions = (
				en,
				Base,
			);
			mainGroup = 4FCD7A002A5995A7005A02CC;
			productRefGroup = 4FCD7A0A2A5995A7005A02CC /* Products */;
			projectDirPath = "";
			projectRoot = "";
			targets = (
				4FCD7A082A5995A7005A02CC /* AppleFrameworks */,
			);
		};
/* End PBXProject section */

/* Begin PBXResourcesBuildPhase section */
		4FCD7A072A5995A7005A02CC /* Resources */ = {
			isa = PBXResourcesBuildPhase;
			buildActionMask = 2147483647;
			files = (
				4FCD7A142A5995A8005A02CC /* Preview Assets.xcassets in Resources */,
				4FCD7A112A5995A8005A02CC /* Assets.xcassets in Resources */,
			);
			runOnlyForDeploymentPostprocessing = 0;
		};
/* End PBXResourcesBuildPhase section */

/* Begin PBXSourcesBuildPhase section */
		4FCD7A052A5995A7005A02CC /* Sources */ = {
			isa = PBXSourcesBuildPhase;
			buildActionMask = 2147483647;
			files = (
				4FCD7A1F2A59B15B005A02CC /* FrameworkDetailView.swift in Sources */,
				4FCD7A1D2A5997DE005A02CC /* FrameworkGridView.swift in Sources */,
				4F9615F32A5AE68D00F7CA4D /* XDismissButton.swift in Sources */,
				4FCD7A1B2A5995DD005A02CC /* Framework.swift in Sources */,
				4FCD7A212A59B972005A02CC /* AFButton.swift in Sources */,
				4FCD7A0D2A5995A7005A02CC /* AppleFrameworksApp.swift in Sources */,
				4FCD7A232A59BCC8005A02CC /* FrameworkGridViewModel.swift in Sources */,
				4F9615F12A5AE62D00F7CA4D /* FrameworkTitleView.swift in Sources */,
				4F9615EF2A5ABF3300F7CA4D /* SafariView.swift in Sources */,
			);
			runOnlyForDeploymentPostprocessing = 0;
		};
/* End PBXSourcesBuildPhase section */

/* Begin XCBuildConfiguration section */
		4FCD7A152A5995A8005A02CC /* Debug */ = {
			isa = XCBuildConfiguration;
			buildSettings = {
				ALWAYS_SEARCH_USER_PATHS = NO;
				CLANG_ANALYZER_NONNULL = YES;
				CLANG_ANALYZER_NUMBER_OBJECT_CONVERSION = YES_AGGRESSIVE;
				CLANG_CXX_LANGUAGE_STANDARD = "gnu++20";
				CLANG_ENABLE_MODULES = YES;
				CLANG_ENABLE_OBJC_ARC = YES;
				CLANG_ENABLE_OBJC_WEAK = YES;
				CLANG_WARN_BLOCK_CAPTURE_AUTORELEASING = YES;
				CLANG_WARN_BOOL_CONVERSION = YES;
				CLANG_WARN_COMMA = YES;
				CLANG_WARN_CONSTANT_CONVERSION = YES;
				CLANG_WARN_DEPRECATED_OBJC_IMPLEMENTATIONS = YES;
				CLANG_WARN_DIRECT_OBJC_ISA_USAGE = YES_ERROR;
				CLANG_WARN_DOCUMENTATION_COMMENTS = YES;
				CLANG_WARN_EMPTY_BODY = YES;
				CLANG_WARN_ENUM_CONVERSION = YES;
				CLANG_WARN_INFINITE_RECURSION = YES;
				CLANG_WARN_INT_CONVERSION = YES;
				CLANG_WARN_NON_LITERAL_NULL_CONVERSION = YES;
				CLANG_WARN_OBJC_IMPLICIT_RETAIN_SELF = YES;
				CLANG_WARN_OBJC_LITERAL_CONVERSION = YES;
				CLANG_WARN_OBJC_ROOT_CLASS = YES_ERROR;
				CLANG_WARN_QUOTED_INCLUDE_IN_FRAMEWORK_HEADER = YES;
				CLANG_WARN_RANGE_LOOP_ANALYSIS = YES;
				CLANG_WARN_STRICT_PROTOTYPES = YES;
				CLANG_WARN_SUSPICIOUS_MOVE = YES;
				CLANG_WARN_UNGUARDED_AVAILABILITY = YES_AGGRESSIVE;
				CLANG_WARN_UNREACHABLE_CODE = YES;
				CLANG_WARN__DUPLICATE_METHOD_MATCH = YES;
				COPY_PHASE_STRIP = NO;
				DEBUG_INFORMATION_FORMAT = dwarf;
				ENABLE_STRICT_OBJC_MSGSEND = YES;
				ENABLE_TESTABILITY = YES;
				GCC_C_LANGUAGE_STANDARD = gnu11;
				GCC_DYNAMIC_NO_PIC = NO;
				GCC_NO_COMMON_BLOCKS = YES;
				GCC_OPTIMIZATION_LEVEL = 0;
				GCC_PREPROCESSOR_DEFINITIONS = (
					"DEBUG=1",
					"$(inherited)",
				);
				GCC_WARN_64_TO_32_BIT_CONVERSION = YES;
				GCC_WARN_ABOUT_RETURN_TYPE = YES_ERROR;
				GCC_WARN_UNDECLARED_SELECTOR = YES;
				GCC_WARN_UNINITIALIZED_AUTOS = YES_AGGRESSIVE;
				GCC_WARN_UNUSED_FUNCTION = YES;
				GCC_WARN_UNUSED_VARIABLE = YES;
				IPHONEOS_DEPLOYMENT_TARGET = 16.4;
				MTL_ENABLE_DEBUG_INFO = INCLUDE_SOURCE;
				MTL_FAST_MATH = YES;
				ONLY_ACTIVE_ARCH = YES;
				SDKROOT = iphoneos;
				SWIFT_ACTIVE_COMPILATION_CONDITIONS = DEBUG;
				SWIFT_OPTIMIZATION_LEVEL = "-Onone";
			};
			name = Debug;
		};
		4FCD7A162A5995A8005A02CC /* Release */ = {
			isa = XCBuildConfiguration;
			buildSettings = {
				ALWAYS_SEARCH_USER_PATHS = NO;
				CLANG_ANALYZER_NONNULL = YES;
				CLANG_ANALYZER_NUMBER_OBJECT_CONVERSION = YES_AGGRESSIVE;
				CLANG_CXX_LANGUAGE_STANDARD = "gnu++20";
				CLANG_ENABLE_MODULES = YES;
				CLANG_ENABLE_OBJC_ARC = YES;
				CLANG_ENABLE_OBJC_WEAK = YES;
				CLANG_WARN_BLOCK_CAPTURE_AUTORELEASING = YES;
				CLANG_WARN_BOOL_CONVERSION = YES;
				CLANG_WARN_COMMA = YES;
				CLANG_WARN_CONSTANT_CONVERSION = YES;
				CLANG_WARN_DEPRECATED_OBJC_IMPLEMENTATIONS = YES;
				CLANG_WARN_DIRECT_OBJC_ISA_USAGE = YES_ERROR;
				CLANG_WARN_DOCUMENTATION_COMMENTS = YES;
				CLANG_WARN_EMPTY_BODY = YES;
				CLANG_WARN_ENUM_CONVERSION = YES;
				CLANG_WARN_INFINITE_RECURSION = YES;
				CLANG_WARN_INT_CONVERSION = YES;
				CLANG_WARN_NON_LITERAL_NULL_CONVERSION = YES;
				CLANG_WARN_OBJC_IMPLICIT_RETAIN_SELF = YES;
				CLANG_WARN_OBJC_LITERAL_CONVERSION = YES;
				CLANG_WARN_OBJC_ROOT_CLASS = YES_ERROR;
				CLANG_WARN_QUOTED_INCLUDE_IN_FRAMEWORK_HEADER = YES;
				CLANG_WARN_RANGE_LOOP_ANALYSIS = YES;
				CLANG_WARN_STRICT_PROTOTYPES = YES;
				CLANG_WARN_SUSPICIOUS_MOVE = YES;
				CLANG_WARN_UNGUARDED_AVAILABILITY = YES_AGGRESSIVE;
				CLANG_WARN_UNREACHABLE_CODE = YES;
				CLANG_WARN__DUPLICATE_METHOD_MATCH = YES;
				COPY_PHASE_STRIP = NO;
				DEBUG_INFORMATION_FORMAT = "dwarf-with-dsym";
				ENABLE_NS_ASSERTIONS = NO;
				ENABLE_STRICT_OBJC_MSGSEND = YES;
				GCC_C_LANGUAGE_STANDARD = gnu11;
				GCC_NO_COMMON_BLOCKS = YES;
				GCC_WARN_64_TO_32_BIT_CONVERSION = YES;
				GCC_WARN_ABOUT_RETURN_TYPE = YES_ERROR;
				GCC_WARN_UNDECLARED_SELECTOR = YES;
				GCC_WARN_UNINITIALIZED_AUTOS = YES_AGGRESSIVE;
				GCC_WARN_UNUSED_FUNCTION = YES;
				GCC_WARN_UNUSED_VARIABLE = YES;
				IPHONEOS_DEPLOYMENT_TARGET = 16.4;
				MTL_ENABLE_DEBUG_INFO = NO;
				MTL_FAST_MATH = YES;
				SDKROOT = iphoneos;
				SWIFT_COMPILATION_MODE = wholemodule;
				SWIFT_OPTIMIZATION_LEVEL = "-O";
				VALIDATE_PRODUCT = YES;
			};
			name = Release;
		};
		4FCD7A182A5995A8005A02CC /* Debug */ = {
			isa = XCBuildConfiguration;
			buildSettings = {
				ASSETCATALOG_COMPILER_APPICON_NAME = AppIcon;
				ASSETCATALOG_COMPILER_GLOBAL_ACCENT_COLOR_NAME = AccentColor;
				CODE_SIGN_STYLE = Automatic;
				CURRENT_PROJECT_VERSION = 1;
				DEVELOPMENT_ASSET_PATHS = "\"AppleFrameworks/Preview Content\"";
				DEVELOPMENT_TEAM = 8QNN7VX268;
				ENABLE_PREVIEWS = YES;
				GENERATE_INFOPLIST_FILE = YES;
				INFOPLIST_KEY_UIApplicationSceneManifest_Generation = YES;
				INFOPLIST_KEY_UIApplicationSupportsIndirectInputEvents = YES;
				INFOPLIST_KEY_UILaunchScreen_Generation = YES;
				INFOPLIST_KEY_UISupportedInterfaceOrientations_iPad = "UIInterfaceOrientationPortrait UIInterfaceOrientationPortraitUpsideDown UIInterfaceOrientationLandscapeLeft UIInterfaceOrientationLandscapeRight";
				INFOPLIST_KEY_UISupportedInterfaceOrientations_iPhone = "UIInterfaceOrientationPortrait UIInterfaceOrientationLandscapeLeft UIInterfaceOrientationLandscapeRight";
				LD_RUNPATH_SEARCH_PATHS = (
					"$(inherited)",
					"@executable_path/Frameworks",
				);
				MARKETING_VERSION = 1.0;
				PRODUCT_BUNDLE_IDENTIFIER = personal.AppleFrameworks;
				PRODUCT_NAME = "$(TARGET_NAME)";
				SWIFT_EMIT_LOC_STRINGS = YES;
				SWIFT_VERSION = 5.0;
				TARGETED_DEVICE_FAMILY = "1,2";
			};
			name = Debug;
		};
		4FCD7A192A5995A8005A02CC /* Release */ = {
			isa = XCBuildConfiguration;
			buildSettings = {
				ASSETCATALOG_COMPILER_APPICON_NAME = AppIcon;
				ASSETCATALOG_COMPILER_GLOBAL_ACCENT_COLOR_NAME = AccentColor;
				CODE_SIGN_STYLE = Automatic;
				CURRENT_PROJECT_VERSION = 1;
				DEVELOPMENT_ASSET_PATHS = "\"AppleFrameworks/Preview Content\"";
				DEVELOPMENT_TEAM = 8QNN7VX268;
				ENABLE_PREVIEWS = YES;
				GENERATE_INFOPLIST_FILE = YES;
				INFOPLIST_KEY_UIApplicationSceneManifest_Generation = YES;
				INFOPLIST_KEY_UIApplicationSupportsIndirectInputEvents = YES;
				INFOPLIST_KEY_UILaunchScreen_Generation = YES;
				INFOPLIST_KEY_UISupportedInterfaceOrientations_iPad = "UIInterfaceOrientationPortrait UIInterfaceOrientationPortraitUpsideDown UIInterfaceOrientationLandscapeLeft UIInterfaceOrientationLandscapeRight";
				INFOPLIST_KEY_UISupportedInterfaceOrientations_iPhone = "UIInterfaceOrientationPortrait UIInterfaceOrientationLandscapeLeft UIInterfaceOrientationLandscapeRight";
				LD_RUNPATH_SEARCH_PATHS = (
					"$(inherited)",
					"@executable_path/Frameworks",
				);
				MARKETING_VERSION = 1.0;
				PRODUCT_BUNDLE_IDENTIFIER = personal.AppleFrameworks;
				PRODUCT_NAME = "$(TARGET_NAME)";
				SWIFT_EMIT_LOC_STRINGS = YES;
				SWIFT_VERSION = 5.0;
				TARGETED_DEVICE_FAMILY = "1,2";
			};
			name = Release;
		};
/* End XCBuildConfiguration section */

/* Begin XCConfigurationList section */
		4FCD7A042A5995A7005A02CC /* Build configuration list for PBXProject "AppleFrameworks" */ = {
			isa = XCConfigurationList;
			buildConfigurations = (
				4FCD7A152A5995A8005A02CC /* Debug */,
				4FCD7A162A5995A8005A02CC /* Release */,
			);
			defaultConfigurationIsVisible = 0;
			defaultConfigurationName = Release;
		};
		4FCD7A172A5995A8005A02CC /* Build configuration list for PBXNativeTarget "AppleFrameworks" */ = {
			isa = XCConfigurationList;
			buildConfigurations = (
				4FCD7A182A5995A8005A02CC /* Debug */,
				4FCD7A192A5995A8005A02CC /* Release */,
			);
			defaultConfigurationIsVisible = 0;
			defaultConfigurationName = Release;
		};
/* End XCConfigurationList section */
	};
	rootObject = 4FCD7A012A5995A7005A02CC /* Project object */;
}
